
Microsoft Visual Studio Solution File, Format Version 12.00
# Visual Studio Version 17
VisualStudioVersion = 17.9.34728.123
MinimumVisualStudioVersion = 10.0.40219.1
Project("{9A19103F-16F7-4668-BE54-9A1E7A4F7556}") = "EJMSubscribeFunction", "EJMSubscribeFunction\EJMSubscribeFunction.csproj", "{AC92E2A6-68D1-4B10-89F0-70F39B740E77}"
EndProject
Project("{9A19103F-16F7-4668-BE54-9A1E7A4F7556}") = "Data", "Data\Data.csproj", "{0BE80853-BACC-4530-8913-5BABE4C03657}"
EndProject
Global
	GlobalSection(SolutionConfigurationPlatforms) = preSolution
		Debug|Any CPU = Debug|Any CPU
		Release|Any CPU = Release|Any CPU
	EndGlobalSection
	GlobalSection(ProjectConfigurationPlatforms) = postSolution
		{AC92E2A6-68D1-4B10-89F0-70F39B740E77}.Debug|Any CPU.ActiveCfg = Debug|Any CPU
		{AC92E2A6-68D1-4B10-89F0-70F39B740E77}.Debug|Any CPU.Build.0 = Debug|Any CPU
		{AC92E2A6-68D1-4B10-89F0-70F39B740E77}.Release|Any CPU.ActiveCfg = Release|Any CPU
		{AC92E2A6-68D1-4B10-89F0-70F39B740E77}.Release|Any CPU.Build.0 = Release|Any CPU
		{0BE80853-BACC-4530-8913-5BABE4C03657}.Debug|Any CPU.ActiveCfg = Debug|Any CPU
		{0BE80853-BACC-4530-8913-5BABE4C03657}.Debug|Any CPU.Build.0 = Debug|Any CPU
		{0BE80853-BACC-4530-8913-5BABE4C03657}.Release|Any CPU.ActiveCfg = Release|Any CPU
		{0BE80853-BACC-4530-8913-5BABE4C03657}.Release|Any CPU.Build.0 = Release|Any CPU
	EndGlobalSection
	GlobalSection(SolutionProperties) = preSolution
		HideSolutionNode = FALSE
	EndGlobalSection
	GlobalSection(ExtensibilityGlobals) = postSolution
		SolutionGuid = {9D5B0AA4-263E-4095-95C4-53D9587E9DCB}
	EndGlobalSection
EndGlobal
